
Microsoft Visual Studio Solution File, Format Version 12.00
Project("{FAE04EC0-301F-11D3-BF4B-00C04F79EFBC}") = "Multilingual", "Multilingual\Multilingual.csproj", "{8D0C96B3-87CF-47BB-8DCF-3D5ADC736496}"
EndProject
Global
	GlobalSection(SolutionConfigurationPlatforms) = preSolution
		Debug|Any CPU = Debug|Any CPU
		Release|Any CPU = Release|Any CPU
	EndGlobalSection
	GlobalSection(ProjectConfigurationPlatforms) = postSolution
		{8D0C96B3-87CF-47BB-8DCF-3D5ADC736496}.Debug|Any CPU.ActiveCfg = Debug|Any CPU
		{8D0C96B3-87CF-47BB-8DCF-3D5ADC736496}.Debug|Any CPU.Build.0 = Debug|Any CPU
		{8D0C96B3-87CF-47BB-8DCF-3D5ADC736496}.Release|Any CPU.ActiveCfg = Release|Any CPU
		{8D0C96B3-87CF-47BB-8DCF-3D5ADC736496}.Release|Any CPU.Build.0 = Release|Any CPU
	EndGlobalSection
EndGlobal
